
Microsoft Visual Studio Solution File, Format Version 12.00
# Visual Studio Version 17
VisualStudioVersion = 17.3.32819.101
MinimumVisualStudioVersion = 10.0.40219.1
Project("{9A19103F-16F7-4668-BE54-9A1E7A4F7556}") = "RecipePlanner-back-end", "RecipePlanner-back-end\RecipePlanner-back-end.csproj", "{2D3EF330-AC5F-470F-A8BE-3ED472284E75}"
EndProject
Project("{FAE04EC0-301F-11D3-BF4B-00C04F79EFBC}") = "APITest", "APITest\APITest.csproj", "{3B6F2666-C881-4337-8364-33B763FC1266}"
EndProject
Global
	GlobalSection(SolutionConfigurationPlatforms) = preSolution
		Debug|Any CPU = Debug|Any CPU
		Release|Any CPU = Release|Any CPU
	EndGlobalSection
	GlobalSection(ProjectConfigurationPlatforms) = postSolution
		{2D3EF330-AC5F-470F-A8BE-3ED472284E75}.Debug|Any CPU.ActiveCfg = Debug|Any CPU
		{2D3EF330-AC5F-470F-A8BE-3ED472284E75}.Debug|Any CPU.Build.0 = Debug|Any CPU
		{2D3EF330-AC5F-470F-A8BE-3ED472284E75}.Release|Any CPU.ActiveCfg = Release|Any CPU
		{2D3EF330-AC5F-470F-A8BE-3ED472284E75}.Release|Any CPU.Build.0 = Release|Any CPU
		{3B6F2666-C881-4337-8364-33B763FC1266}.Debug|Any CPU.ActiveCfg = Debug|Any CPU
		{3B6F2666-C881-4337-8364-33B763FC1266}.Debug|Any CPU.Build.0 = Debug|Any CPU
		{3B6F2666-C881-4337-8364-33B763FC1266}.Release|Any CPU.ActiveCfg = Release|Any CPU
		{3B6F2666-C881-4337-8364-33B763FC1266}.Release|Any CPU.Build.0 = Release|Any CPU
	EndGlobalSection
	GlobalSection(SolutionProperties) = preSolution
		HideSolutionNode = FALSE
	EndGlobalSection
	GlobalSection(ExtensibilityGlobals) = postSolution
		SolutionGuid = {13463C3E-5E79-4ED1-9044-994ADEFDBCBF}
	EndGlobalSection
EndGlobal
